
Microsoft Visual Studio Solution File, Format Version 12.00
# Visual Studio 14
VisualStudioVersion = 14.0.25420.1
MinimumVisualStudioVersion = 10.0.40219.1
Project("{FAE04EC0-301F-11D3-BF4B-00C04F79EFBC}") = "NonceUtil.Tests", "NonceUtil.Tests\NonceUtil.Tests.csproj", "{336C0AFE-43D5-4A3F-9EE2-125EEBB773AD}"
EndProject
Project("{F2A71F9B-5D33-465A-A702-920D77279786}") = "Nonce.FUtils", "Nonce.FUtils\Nonce.FUtils.fsproj", "{D62C151F-E407-493A-864B-4478DAF9875F}"
EndProject
Global
	GlobalSection(SolutionConfigurationPlatforms) = preSolution
		Debug|Any CPU = Debug|Any CPU
		Release|Any CPU = Release|Any CPU
	EndGlobalSection
	GlobalSection(ProjectConfigurationPlatforms) = postSolution
		{336C0AFE-43D5-4A3F-9EE2-125EEBB773AD}.Debug|Any CPU.ActiveCfg = Debug|Any CPU
		{336C0AFE-43D5-4A3F-9EE2-125EEBB773AD}.Debug|Any CPU.Build.0 = Debug|Any CPU
		{336C0AFE-43D5-4A3F-9EE2-125EEBB773AD}.Release|Any CPU.ActiveCfg = Release|Any CPU
		{336C0AFE-43D5-4A3F-9EE2-125EEBB773AD}.Release|Any CPU.Build.0 = Release|Any CPU
		{D62C151F-E407-493A-864B-4478DAF9875F}.Debug|Any CPU.ActiveCfg = Debug|Any CPU
		{D62C151F-E407-493A-864B-4478DAF9875F}.Debug|Any CPU.Build.0 = Debug|Any CPU
		{D62C151F-E407-493A-864B-4478DAF9875F}.Release|Any CPU.ActiveCfg = Release|Any CPU
		{D62C151F-E407-493A-864B-4478DAF9875F}.Release|Any CPU.Build.0 = Release|Any CPU
	EndGlobalSection
	GlobalSection(SolutionProperties) = preSolution
		HideSolutionNode = FALSE
	EndGlobalSection
EndGlobal
